%{
  "decimal": {:hex, :decimal, "1.5.0", "b0433a36d0e2430e3d50291b1c65f53c37d56f83665b43d79963684865beab68", [:mix], [], "hexpm"},
  "eleveldb": {:hex, :eleveldb, "2.2.20", "1fff63a5055bbf4bf821f797ef76065882b193f5e8095f95fcd9287187773b58", [:rebar3], [], "hexpm"},
  "elixium_core": {:hex, :elixium_core, "0.2.1", "ed36d105779b633052fb998a76f1756ec008cac3539367d820036c3364329d71", [:mix], [{:decimal, "~> 1.0", [hex: :decimal, repo: "hexpm", optional: false]}, {:exleveldb, "~> 0.12.2", [hex: :exleveldb, repo: "hexpm", optional: false]}, {:jason, "~> 1.0", [hex: :jason, repo: "hexpm", optional: false]}, {:keccakf1600, "~> 2.0.0", [hex: :keccakf1600, repo: "hexpm", optional: false]}, {:strap, "~> 0.1.1", [hex: :strap, repo: "hexpm", optional: false]}], "hexpm"},
  "exleveldb": {:hex, :exleveldb, "0.12.2", "7336156284c94fe4c7eeb1270c69c9d7b59cb852e49e21cd68a2c6a85d87f34e", [:mix], [{:eleveldb, "~> 2.2.20", [hex: :eleveldb, repo: "hexpm", optional: false]}], "hexpm"},
  "jason": {:hex, :jason, "1.1.1", "d3ccb840dfb06f2f90a6d335b536dd074db748b3e7f5b11ab61d239506585eb2", [:mix], [{:decimal, "~> 1.0", [hex: :decimal, repo: "hexpm", optional: true]}], "hexpm"},
  "keccakf1600": {:hex, :keccakf1600, "2.0.0", "69d02d844a101bf3c75484c9e334fd04b0f57280727e881cac3bd8240432f43a", [:rebar3], [], "hexpm"},
  "strap": {:hex, :strap, "0.1.1", "90fedb0b51a1c81678cc1386ed9d3d9e6126ac718af4de2a852d730c0fc6d67f", [:mix], [], "hexpm"},
}
